// !$*UTF8*$!
{
	archiveVersion = 1;
	classes = {
	};
	objectVersion = 50;
	objects = {

/* Begin PBXBuildFile section */
		DE8B862D259DF1A500D9A6EC /* AppDelegate.swift in Sources */ = {isa = PBXBuildFile; fileRef = DE8B862C259DF1A500D9A6EC /* AppDelegate.swift */; };
		DE8B8631259DF1A500D9A6EC /* ViewController.swift in Sources */ = {isa = PBXBuildFile; fileRef = DE8B8630259DF1A500D9A6EC /* ViewController.swift */; };
		DE8B8636259DF1A800D9A6EC /* Assets.xcassets in Resources */ = {isa = PBXBuildFile; fileRef = DE8B8635259DF1A800D9A6EC /* Assets.xcassets */; };
		DE8B8639259DF1A800D9A6EC /* LaunchScreen.storyboard in Resources */ = {isa = PBXBuildFile; fileRef = DE8B8637259DF1A800D9A6EC /* LaunchScreen.storyboard */; };
		DE8B8644259DF1A900D9A6EC /* RobotCheckTests.swift in Sources */ = {isa = PBXBuildFile; fileRef = DE8B8643259DF1A900D9A6EC /* RobotCheckTests.swift */; };
/* End PBXBuildFile section */

/* Begin PBXContainerItemProxy section */
		DE8B8640259DF1A900D9A6EC /* PBXContainerItemProxy */ = {
			isa = PBXContainerItemProxy;
			containerPortal = DE8B8621259DF1A500D9A6EC /* Project object */;
			proxyType = 1;
			remoteGlobalIDString = DE8B8628259DF1A500D9A6EC;
			remoteInfo = RobotCheck;
		};
/* End PBXContainerItemProxy section */

/* Begin PBXFileReference section */
		DE8B8629259DF1A500D9A6EC /* RobotCheck.app */ = {isa = PBXFileReference; explicitFileType = wrapper.application; includeInIndex = 0; path = RobotCheck.app; sourceTree = BUILT_PRODUCTS_DIR; };
		DE8B862C259DF1A500D9A6EC /* AppDelegate.swift */ = {isa = PBXFileReference; lastKnownFileType = sourcecode.swift; path = AppDelegate.swift; sourceTree = "<group>"; };
		DE8B8630259DF1A500D9A6EC /* ViewController.swift */ = {isa = PBXFileReference; lastKnownFileType = sourcecode.swift; path = ViewController.swift; sourceTree = "<group>"; };
		DE8B8635259DF1A800D9A6EC /* Assets.xcassets */ = {isa = PBXFileReference; lastKnownFileType = folder.assetcatalog; path = Assets.xcassets; sourceTree = "<group>"; };
		DE8B8638259DF1A800D9A6EC /* Base */ = {isa = PBXFileReference; lastKnownFileType = file.storyboard; name = Base; path = Base.lproj/LaunchScreen.storyboard; sourceTree = "<group>"; };
		DE8B863A259DF1A800D9A6EC /* Info.plist */ = {isa = PBXFileReference; lastKnownFileType = text.plist.xml; path = Info.plist; sourceTree = "<group>"; };
		DE8B863F259DF1A900D9A6EC /* RobotCheckTests.xctest */ = {isa = PBXFileReference; explicitFileType = wrapper.cfbundle; includeInIndex = 0; path = RobotCheckTests.xctest; sourceTree = BUILT_PRODUCTS_DIR; };
		DE8B8643259DF1A900D9A6EC /* RobotCheckTests.swift */ = {isa = PBXFileReference; lastKnownFileType = sourcecode.swift; path = RobotCheckTests.swift; sourceTree = "<group>"; };
		DE8B8645259DF1A900D9A6EC /* Info.plist */ = {isa = PBXFileReference; lastKnownFileType = text.plist.xml; path = Info.plist; sourceTree = "<group>"; };
/* End PBXFileReference section */

/* Begin PBXFrameworksBuildPhase section */
		DE8B8626259DF1A500D9A6EC /* Frameworks */ = {
			isa = PBXFrameworksBuildPhase;
			buildActionMask = 2147483647;
			files = (
			);
			runOnlyForDeploymentPostprocessing = 0;
		};
		DE8B863C259DF1A900D9A6EC /* Frameworks */ = {
			isa = PBXFrameworksBuildPhase;
			buildActionMask = 2147483647;
			files = (
			);
			runOnlyForDeploymentPostprocessing = 0;
		};
/* End PBXFrameworksBuildPhase section */

/* Begin PBXGroup section */
		DE8B8620259DF1A500D9A6EC = {
			isa = PBXGroup;
			children = (
				DE8B862B259DF1A500D9A6EC /* RobotCheck */,
				DE8B8642259DF1A900D9A6EC /* RobotCheckTests */,
				DE8B862A259DF1A500D9A6EC /* Products */,
			);
			sourceTree = "<group>";
		};
		DE8B862A259DF1A500D9A6EC /* Products */ = {
			isa = PBXGroup;
			children = (
				DE8B8629259DF1A500D9A6EC /* RobotCheck.app */,
				DE8B863F259DF1A900D9A6EC /* RobotCheckTests.xctest */,
			);
			name = Products;
			sourceTree = "<group>";
		};
		DE8B862B259DF1A500D9A6EC /* RobotCheck */ = {
			isa = PBXGroup;
			children = (
				DE8B862C259DF1A500D9A6EC /* AppDelegate.swift */,
				DE8B8630259DF1A500D9A6EC /* ViewController.swift */,
				DE8B8635259DF1A800D9A6EC /* Assets.xcassets */,
				DE8B8637259DF1A800D9A6EC /* LaunchScreen.storyboard */,
				DE8B863A259DF1A800D9A6EC /* Info.plist */,
			);
			path = RobotCheck;
			sourceTree = "<group>";
		};
		DE8B8642259DF1A900D9A6EC /* RobotCheckTests */ = {
			isa = PBXGroup;
			children = (
				DE8B8643259DF1A900D9A6EC /* RobotCheckTests.swift */,
				DE8B8645259DF1A900D9A6EC /* Info.plist */,
			);
			path = RobotCheckTests;
			sourceTree = "<group>";
		};
/* End PBXGroup section */

/* Begin PBXNativeTarget section */
		DE8B8628259DF1A500D9A6EC /* RobotCheck */ = {
			isa = PBXNativeTarget;
			buildConfigurationList = DE8B8648259DF1A900D9A6EC /* Build configuration list for PBXNativeTarget "RobotCheck" */;
			buildPhases = (
				DE8B8625259DF1A500D9A6EC /* Sources */,
				DE8B8626259DF1A500D9A6EC /* Frameworks */,
				DE8B8627259DF1A500D9A6EC /* Resources */,
			);
			buildRules = (
			);
			dependencies = (
			);
			name = RobotCheck;
			productName = RobotCheck;
			productReference = DE8B8629259DF1A500D9A6EC /* RobotCheck.app */;
			productType = "com.apple.product-type.application";
		};
		DE8B863E259DF1A900D9A6EC /* RobotCheckTests */ = {
			isa = PBXNativeTarget;
			buildConfigurationList = DE8B864B259DF1A900D9A6EC /* Build configuration list for PBXNativeTarget "RobotCheckTests" */;
			buildPhases = (
				DE8B863B259DF1A900D9A6EC /* Sources */,
				DE8B863C259DF1A900D9A6EC /* Frameworks */,
				DE8B863D259DF1A900D9A6EC /* Resources */,
			);
			buildRules = (
			);
			dependencies = (
				DE8B8641259DF1A900D9A6EC /* PBXTargetDependency */,
			);
			name = RobotCheckTests;
			productName = RobotCheckTests;
			productReference = DE8B863F259DF1A900D9A6EC /* RobotCheckTests.xctest */;
			productType = "com.apple.product-type.bundle.unit-test";
		};
/* End PBXNativeTarget section */

/* Begin PBXProject section */
		DE8B8621259DF1A500D9A6EC /* Project object */ = {
			isa = PBXProject;
			attributes = {
				LastSwiftUpdateCheck = 1130;
				LastUpgradeCheck = 1130;
				ORGANIZATIONNAME = "Yulong Xiao";
				TargetAttributes = {
					DE8B8628259DF1A500D9A6EC = {
						CreatedOnToolsVersion = 11.3.1;
					};
					DE8B863E259DF1A900D9A6EC = {
						CreatedOnToolsVersion = 11.3.1;
						TestTargetID = DE8B8628259DF1A500D9A6EC;
					};
				};
			};
			buildConfigurationList = DE8B8624259DF1A500D9A6EC /* Build configuration list for PBXProject "RobotCheck" */;
			compatibilityVersion = "Xcode 9.3";
			developmentRegion = en;
			hasScannedForEncodings = 0;
			knownRegions = (
				en,
				Base,
			);
			mainGroup = DE8B8620259DF1A500D9A6EC;
			productRefGroup = DE8B862A259DF1A500D9A6EC /* Products */;
			projectDirPath = "";
			projectRoot = "";
			targets = (
				DE8B8628259DF1A500D9A6EC /* RobotCheck */,
				DE8B863E259DF1A900D9A6EC /* RobotCheckTests */,
			);
		};
/* End PBXProject section */

/* Begin PBXResourcesBuildPhase section */
		DE8B8627259DF1A500D9A6EC /* Resources */ = {
			isa = PBXResourcesBuildPhase;
			buildActionMask = 2147483647;
			files = (
				DE8B8639259DF1A800D9A6EC /* LaunchScreen.storyboard in Resources */,
				DE8B8636259DF1A800D9A6EC /* Assets.xcassets in Resources */,
			);
			runOnlyForDeploymentPostprocessing = 0;
		};
		DE8B863D259DF1A900D9A6EC /* Resources */ = {
			isa = PBXResourcesBuildPhase;
			buildActionMask = 2147483647;
			files = (
			);
			runOnlyForDeploymentPostprocessing = 0;
		};
/* End PBXResourcesBuildPhase section */

/* Begin PBXSourcesBuildPhase section */
		DE8B8625259DF1A500D9A6EC /* Sources */ = {
			isa = PBXSourcesBuildPhase;
			buildActionMask = 2147483647;
			files = (
				DE8B8631259DF1A500D9A6EC /* ViewController.swift in Sources */,
				DE8B862D259DF1A500D9A6EC /* AppDelegate.swift in Sources */,
			);
			runOnlyForDeploymentPostprocessing = 0;
		};
		DE8B863B259DF1A900D9A6EC /* Sources */ = {
			isa = PBXSourcesBuildPhase;
			buildActionMask = 2147483647;
			files = (
				DE8B8644259DF1A900D9A6EC /* RobotCheckTests.swift in Sources */,
			);
			runOnlyForDeploymentPostprocessing = 0;
		};
/* End PBXSourcesBuildPhase section */

/* Begin PBXTargetDependency section */
		DE8B8641259DF1A900D9A6EC /* PBXTargetDependency */ = {
			isa = PBXTargetDependency;
			target = DE8B8628259DF1A500D9A6EC /* RobotCheck */;
			targetProxy = DE8B8640259DF1A900D9A6EC /* PBXContainerItemProxy */;
		};
/* End PBXTargetDependency section */

/* Begin PBXVariantGroup section */
		DE8B8637259DF1A800D9A6EC /* LaunchScreen.storyboard */ = {
			isa = PBXVariantGroup;
			children = (
				DE8B8638259DF1A800D9A6EC /* Base */,
			);
			name = LaunchScreen.storyboard;
			sourceTree = "<group>";
		};
/* End PBXVariantGroup section */

/* Begin XCBuildConfiguration section */
		DE8B8646259DF1A900D9A6EC /* Debug */ = {
			isa = XCBuildConfiguration;
			buildSettings = {
				ALWAYS_SEARCH_USER_PATHS = NO;
				CLANG_ANALYZER_NONNULL = YES;
				CLANG_ANALYZER_NUMBER_OBJECT_CONVERSION = YES_AGGRESSIVE;
				CLANG_CXX_LANGUAGE_STANDARD = "gnu++14";
				CLANG_CXX_LIBRARY = "libc++";
				CLANG_ENABLE_MODULES = YES;
				CLANG_ENABLE_OBJC_ARC = YES;
				CLANG_ENABLE_OBJC_WEAK = YES;
				CLANG_WARN_BLOCK_CAPTURE_AUTORELEASING = YES;
				CLANG_WARN_BOOL_CONVERSION = YES;
				CLANG_WARN_COMMA = YES;
				CLANG_WARN_CONSTANT_CONVERSION = YES;
				CLANG_WARN_DEPRECATED_OBJC_IMPLEMENTATIONS = YES;
				CLANG_WARN_DIRECT_OBJC_ISA_USAGE = YES_ERROR;
				CLANG_WARN_DOCUMENTATION_COMMENTS = YES;
				CLANG_WARN_EMPTY_BODY = YES;
				CLANG_WARN_ENUM_CONVERSION = YES;
				CLANG_WARN_INFINITE_RECURSION = YES;
				CLANG_WARN_INT_CONVERSION = YES;
				CLANG_WARN_NON_LITERAL_NULL_CONVERSION = YES;
				CLANG_WARN_OBJC_IMPLICIT_RETAIN_SELF = YES;
				CLANG_WARN_OBJC_LITERAL_CONVERSION = YES;
				CLANG_WARN_OBJC_ROOT_CLASS = YES_ERROR;
				CLANG_WARN_RANGE_LOOP_ANALYSIS = YES;
				CLANG_WARN_STRICT_PROTOTYPES = YES;
				CLANG_WARN_SUSPICIOUS_MOVE = YES;
				CLANG_WARN_UNGUARDED_AVAILABILITY = YES_AGGRESSIVE;
				CLANG_WARN_UNREACHABLE_CODE = YES;
				CLANG_WARN__DUPLICATE_METHOD_MATCH = YES;
				COPY_PHASE_STRIP = NO;
				DEBUG_INFORMATION_FORMAT = dwarf;
				ENABLE_STRICT_OBJC_MSGSEND = YES;
				ENABLE_TESTABILITY = YES;
				GCC_C_LANGUAGE_STANDARD = gnu11;
				GCC_DYNAMIC_NO_PIC = NO;
				GCC_NO_COMMON_BLOCKS = YES;
				GCC_OPTIMIZATION_LEVEL = 0;
				GCC_PREPROCESSOR_DEFINITIONS = (
					"DEBUG=1",
					"$(inherited)",
				);
				GCC_WARN_64_TO_32_BIT_CONVERSION = YES;
				GCC_WARN_ABOUT_RETURN_TYPE = YES_ERROR;
				GCC_WARN_UNDECLARED_SELECTOR = YES;
				GCC_WARN_UNINITIALIZED_AUTOS = YES_AGGRESSIVE;
				GCC_WARN_UNUSED_FUNCTION = YES;
				GCC_WARN_UNUSED_VARIABLE = YES;
				IPHONEOS_DEPLOYMENT_TARGET = 13.2;
				MTL_ENABLE_DEBUG_INFO = INCLUDE_SOURCE;
				MTL_FAST_MATH = YES;
				ONLY_ACTIVE_ARCH = YES;
				SDKROOT = iphoneos;
				SWIFT_ACTIVE_COMPILATION_CONDITIONS = DEBUG;
				SWIFT_OPTIMIZATION_LEVEL = "-Onone";
			};
			name = Debug;
		};
		DE8B8647259DF1A900D9A6EC /* Release */ = {
			isa = XCBuildConfiguration;
			buildSettings = {
				ALWAYS_SEARCH_USER_PATHS = NO;
				CLANG_ANALYZER_NONNULL = YES;
				CLANG_ANALYZER_NUMBER_OBJECT_CONVERSION = YES_AGGRESSIVE;
				CLANG_CXX_LANGUAGE_STANDARD = "gnu++14";
				CLANG_CXX_LIBRARY = "libc++";
				CLANG_ENABLE_MODULES = YES;
				CLANG_ENABLE_OBJC_ARC = YES;
				CLANG_ENABLE_OBJC_WEAK = YES;
				CLANG_WARN_BLOCK_CAPTURE_AUTORELEASING = YES;
				CLANG_WARN_BOOL_CONVERSION = YES;
				CLANG_WARN_COMMA = YES;
				CLANG_WARN_CONSTANT_CONVERSION = YES;
				CLANG_WARN_DEPRECATED_OBJC_IMPLEMENTATIONS = YES;
				CLANG_WARN_DIRECT_OBJC_ISA_USAGE = YES_ERROR;
				CLANG_WARN_DOCUMENTATION_COMMENTS = YES;
				CLANG_WARN_EMPTY_BODY = YES;
				CLANG_WARN_ENUM_CONVERSION = YES;
				CLANG_WARN_INFINITE_RECURSION = YES;
				CLANG_WARN_INT_CONVERSION = YES;
				CLANG_WARN_NON_LITERAL_NULL_CONVERSION = YES;
				CLANG_WARN_OBJC_IMPLICIT_RETAIN_SELF = YES;
				CLANG_WARN_OBJC_LITERAL_CONVERSION = YES;
				CLANG_WARN_OBJC_ROOT_CLASS = YES_ERROR;
				CLANG_WARN_RANGE_LOOP_ANALYSIS = YES;
				CLANG_WARN_STRICT_PROTOTYPES = YES;
				CLANG_WARN_SUSPICIOUS_MOVE = YES;
				CLANG_WARN_UNGUARDED_AVAILABILITY = YES_AGGRESSIVE;
				CLANG_WARN_UNREACHABLE_CODE = YES;
				CLANG_WARN__DUPLICATE_METHOD_MATCH = YES;
				COPY_PHASE_STRIP = NO;
				DEBUG_INFORMATION_FORMAT = "dwarf-with-dsym";
				ENABLE_NS_ASSERTIONS = NO;
				ENABLE_STRICT_OBJC_MSGSEND = YES;
				GCC_C_LANGUAGE_STANDARD = gnu11;
				GCC_NO_COMMON_BLOCKS = YES;
				GCC_WARN_64_TO_32_BIT_CONVERSION = YES;
				GCC_WARN_ABOUT_RETURN_TYPE = YES_ERROR;
				GCC_WARN_UNDECLARED_SELECTOR = YES;
				GCC_WARN_UNINITIALIZED_AUTOS = YES_AGGRESSIVE;
				GCC_WARN_UNUSED_FUNCTION = YES;
				GCC_WARN_UNUSED_VARIABLE = YES;
				IPHONEOS_DEPLOYMENT_TARGET = 13.2;
				MTL_ENABLE_DEBUG_INFO = NO;
				MTL_FAST_MATH = YES;
				SDKROOT = iphoneos;
				SWIFT_COMPILATION_MODE = wholemodule;
				SWIFT_OPTIMIZATION_LEVEL = "-O";
				VALIDATE_PRODUCT = YES;
			};
			name = Release;
		};
		DE8B8649259DF1A900D9A6EC /* Debug */ = {
			isa = XCBuildConfiguration;
			buildSettings = {
				ASSETCATALOG_COMPILER_APPICON_NAME = AppIcon;
				CODE_SIGN_STYLE = Automatic;
				INFOPLIST_FILE = RobotCheck/Info.plist;
				LD_RUNPATH_SEARCH_PATHS = (
					"$(inherited)",
					"@executable_path/Frameworks",
				);
				PRODUCT_BUNDLE_IDENTIFIER = "Yulong-Xiao.RobotCheck";
				PRODUCT_NAME = "$(TARGET_NAME)";
				SWIFT_VERSION = 5.0;
				TARGETED_DEVICE_FAMILY = "1,2";
			};
			name = Debug;
		};
		DE8B864A259DF1A900D9A6EC /* Release */ = {
			isa = XCBuildConfiguration;
			buildSettings = {
				ASSETCATALOG_COMPILER_APPICON_NAME = AppIcon;
				CODE_SIGN_STYLE = Automatic;
				INFOPLIST_FILE = RobotCheck/Info.plist;
				LD_RUNPATH_SEARCH_PATHS = (
					"$(inherited)",
					"@executable_path/Frameworks",
				);
				PRODUCT_BUNDLE_IDENTIFIER = "Yulong-Xiao.RobotCheck";
				PRODUCT_NAME = "$(TARGET_NAME)";
				SWIFT_VERSION = 5.0;
				TARGETED_DEVICE_FAMILY = "1,2";
			};
			name = Release;
		};
		DE8B864C259DF1A900D9A6EC /* Debug */ = {
			isa = XCBuildConfiguration;
			buildSettings = {
				ALWAYS_EMBED_SWIFT_STANDARD_LIBRARIES = YES;
				BUNDLE_LOADER = "$(TEST_HOST)";
				CODE_SIGN_STYLE = Automatic;
				INFOPLIST_FILE = RobotCheckTests/Info.plist;
				IPHONEOS_DEPLOYMENT_TARGET = 13.2;
				LD_RUNPATH_SEARCH_PATHS = (
					"$(inherited)",
					"@executable_path/Frameworks",
					"@loader_path/Frameworks",
				);
				PRODUCT_BUNDLE_IDENTIFIER = "Yulong-Xiao.RobotCheckTests";
				PRODUCT_NAME = "$(TARGET_NAME)";
				SWIFT_VERSION = 5.0;
				TARGETED_DEVICE_FAMILY = "1,2";
				TEST_HOST = "$(BUILT_PRODUCTS_DIR)/RobotCheck.app/RobotCheck";
			};
			name = Debug;
		};
		DE8B864D259DF1A900D9A6EC /* Release */ = {
			isa = XCBuildConfiguration;
			buildSettings = {
				ALWAYS_EMBED_SWIFT_STANDARD_LIBRARIES = YES;
				BUNDLE_LOADER = "$(TEST_HOST)";
				CODE_SIGN_STYLE = Automatic;
				INFOPLIST_FILE = RobotCheckTests/Info.plist;
				IPHONEOS_DEPLOYMENT_TARGET = 13.2;
				LD_RUNPATH_SEARCH_PATHS = (
					"$(inherited)",
					"@executable_path/Frameworks",
					"@loader_path/Frameworks",
				);
				PRODUCT_BUNDLE_IDENTIFIER = "Yulong-Xiao.RobotCheckTests";
				PRODUCT_NAME = "$(TARGET_NAME)";
				SWIFT_VERSION = 5.0;
				TARGETED_DEVICE_FAMILY = "1,2";
				TEST_HOST = "$(BUILT_PRODUCTS_DIR)/RobotCheck.app/RobotCheck";
			};
			name = Release;
		};
/* End XCBuildConfiguration section */

/* Begin XCConfigurationList section */
		DE8B8624259DF1A500D9A6EC /* Build configuration list for PBXProject "RobotCheck" */ = {
			isa = XCConfigurationList;
			buildConfigurations = (
				DE8B8646259DF1A900D9A6EC /* Debug */,
				DE8B8647259DF1A900D9A6EC /* Release */,
			);
			defaultConfigurationIsVisible = 0;
			defaultConfigurationName = Release;
		};
		DE8B8648259DF1A900D9A6EC /* Build configuration list for PBXNativeTarget "RobotCheck" */ = {
			isa = XCConfigurationList;
			buildConfigurations = (
				DE8B8649259DF1A900D9A6EC /* Debug */,
				DE8B864A259DF1A900D9A6EC /* Release */,
			);
			defaultConfigurationIsVisible = 0;
			defaultConfigurationName = Release;
		};
		DE8B864B259DF1A900D9A6EC /* Build configuration list for PBXNativeTarget "RobotCheckTests" */ = {
			isa = XCConfigurationList;
			buildConfigurations = (
				DE8B864C259DF1A900D9A6EC /* Debug */,
				DE8B864D259DF1A900D9A6EC /* Release */,
			);
			defaultConfigurationIsVisible = 0;
			defaultConfigurationName = Release;
		};
/* End XCConfigurationList section */
	};
	rootObject = DE8B8621259DF1A500D9A6EC /* Project object */;
}
